
Microsoft Visual Studio Solution File, Format Version 12.00
# Visual Studio Version 17
VisualStudioVersion = 17.11.35219.272
MinimumVisualStudioVersion = 10.0.40219.1
Project("{FAE04EC0-301F-11D3-BF4B-00C04F79EFBC}") = "ServidorWpp", "ServidorWpp.csproj", "{A0D1FE94-0381-4CF8-A01A-1EA40337E263}"
EndProject
Project("{FAE04EC0-301F-11D3-BF4B-00C04F79EFBC}") = "ServidorConsultas", "..\ServidorConsultas\ServidorConsultas.csproj", "{1EF6BAD0-6654-44E5-B461-3FED563943FB}"
EndProject
Project("{FAE04EC0-301F-11D3-BF4B-00C04F79EFBC}") = "ServidorConsultas2", "..\ServidorConsultas2\ServidorConsultas2.csproj", "{72746E59-56DF-4F99-8E6C-044AEFB09F70}"
EndProject
Global
	GlobalSection(SolutionConfigurationPlatforms) = preSolution
		Debug|Any CPU = Debug|Any CPU
		Release|Any CPU = Release|Any CPU
	EndGlobalSection
	GlobalSection(ProjectConfigurationPlatforms) = postSolution
		{A0D1FE94-0381-4CF8-A01A-1EA40337E263}.Debug|Any CPU.ActiveCfg = Debug|Any CPU
		{A0D1FE94-0381-4CF8-A01A-1EA40337E263}.Debug|Any CPU.Build.0 = Debug|Any CPU
		{A0D1FE94-0381-4CF8-A01A-1EA40337E263}.Release|Any CPU.ActiveCfg = Release|Any CPU
		{A0D1FE94-0381-4CF8-A01A-1EA40337E263}.Release|Any CPU.Build.0 = Release|Any CPU
		{1EF6BAD0-6654-44E5-B461-3FED563943FB}.Debug|Any CPU.ActiveCfg = Debug|Any CPU
		{1EF6BAD0-6654-44E5-B461-3FED563943FB}.Debug|Any CPU.Build.0 = Debug|Any CPU
		{1EF6BAD0-6654-44E5-B461-3FED563943FB}.Release|Any CPU.ActiveCfg = Release|Any CPU
		{1EF6BAD0-6654-44E5-B461-3FED563943FB}.Release|Any CPU.Build.0 = Release|Any CPU
		{72746E59-56DF-4F99-8E6C-044AEFB09F70}.Debug|Any CPU.ActiveCfg = Debug|Any CPU
		{72746E59-56DF-4F99-8E6C-044AEFB09F70}.Debug|Any CPU.Build.0 = Debug|Any CPU
		{72746E59-56DF-4F99-8E6C-044AEFB09F70}.Release|Any CPU.ActiveCfg = Release|Any CPU
		{72746E59-56DF-4F99-8E6C-044AEFB09F70}.Release|Any CPU.Build.0 = Release|Any CPU
	EndGlobalSection
	GlobalSection(SolutionProperties) = preSolution
		HideSolutionNode = FALSE
	EndGlobalSection
	GlobalSection(ExtensibilityGlobals) = postSolution
		SolutionGuid = {DAD2EFF7-0DBC-437A-AE98-B5957FA5E9C2}
	EndGlobalSection
EndGlobal
